
Microsoft Visual Studio Solution File, Format Version 12.00
# Visual Studio Version 17
VisualStudioVersion = 17.5.002.0
MinimumVisualStudioVersion = 10.0.40219.1
Project("{9A19103F-16F7-4668-BE54-9A1E7A4F7556}") = "DotNet.Basic", "DotNet.Basic.csproj", "{D1FD7910-4FFF-4D7B-B3CC-D478F5400B03}"
EndProject
Global
	GlobalSection(SolutionConfigurationPlatforms) = preSolution
		Debug|Any CPU = Debug|Any CPU
		Release|Any CPU = Release|Any CPU
	EndGlobalSection
	GlobalSection(ProjectConfigurationPlatforms) = postSolution
		{D1FD7910-4FFF-4D7B-B3CC-D478F5400B03}.Debug|Any CPU.ActiveCfg = Debug|Any CPU
		{D1FD7910-4FFF-4D7B-B3CC-D478F5400B03}.Debug|Any CPU.Build.0 = Debug|Any CPU
		{D1FD7910-4FFF-4D7B-B3CC-D478F5400B03}.Release|Any CPU.ActiveCfg = Release|Any CPU
		{D1FD7910-4FFF-4D7B-B3CC-D478F5400B03}.Release|Any CPU.Build.0 = Release|Any CPU
	EndGlobalSection
	GlobalSection(SolutionProperties) = preSolution
		HideSolutionNode = FALSE
	EndGlobalSection
	GlobalSection(ExtensibilityGlobals) = postSolution
		SolutionGuid = {002032C5-13EA-4EE2-BC13-84A182007A75}
	EndGlobalSection
EndGlobal
